
Microsoft Visual Studio Solution File, Format Version 12.00
# Visual Studio Version 16
VisualStudioVersion = 16.0.33328.57
MinimumVisualStudioVersion = 10.0.40219.1
Project("{FAE04EC0-301F-11D3-BF4B-00C04F79EFBC}") = "2ejercicio", "2ejercicio.csproj", "{D783217F-4103-4373-8609-744DD1A89320}"
EndProject
Global
	GlobalSection(SolutionConfigurationPlatforms) = preSolution
		Debug|Any CPU = Debug|Any CPU
		Release|Any CPU = Release|Any CPU
	EndGlobalSection
	GlobalSection(ProjectConfigurationPlatforms) = postSolution
		{D783217F-4103-4373-8609-744DD1A89320}.Debug|Any CPU.ActiveCfg = Debug|Any CPU
		{D783217F-4103-4373-8609-744DD1A89320}.Debug|Any CPU.Build.0 = Debug|Any CPU
		{D783217F-4103-4373-8609-744DD1A89320}.Release|Any CPU.ActiveCfg = Release|Any CPU
		{D783217F-4103-4373-8609-744DD1A89320}.Release|Any CPU.Build.0 = Release|Any CPU
	EndGlobalSection
	GlobalSection(SolutionProperties) = preSolution
		HideSolutionNode = FALSE
	EndGlobalSection
	GlobalSection(ExtensibilityGlobals) = postSolution
		SolutionGuid = {DA30398A-ED58-44AC-BADF-C4E67C894DE8}
	EndGlobalSection
EndGlobal
